
Microsoft Visual Studio Solution File, Format Version 12.00
# Visual Studio Version 17
VisualStudioVersion = 17.3.32929.385
MinimumVisualStudioVersion = 10.0.40219.1
Project("{FAE04EC0-301F-11D3-BF4B-00C04F79EFBC}") = "CrmApp.WebAPP", "CrmApp.WebAPP\CrmApp.WebAPP.csproj", "{EC170AB3-6393-4331-B55D-3A6C1727E88E}"
EndProject
Global
	GlobalSection(SolutionConfigurationPlatforms) = preSolution
		Debug|Any CPU = Debug|Any CPU
		Release|Any CPU = Release|Any CPU
	EndGlobalSection
	GlobalSection(ProjectConfigurationPlatforms) = postSolution
		{EC170AB3-6393-4331-B55D-3A6C1727E88E}.Debug|Any CPU.ActiveCfg = Debug|Any CPU
		{EC170AB3-6393-4331-B55D-3A6C1727E88E}.Debug|Any CPU.Build.0 = Debug|Any CPU
		{EC170AB3-6393-4331-B55D-3A6C1727E88E}.Release|Any CPU.ActiveCfg = Release|Any CPU
		{EC170AB3-6393-4331-B55D-3A6C1727E88E}.Release|Any CPU.Build.0 = Release|Any CPU
	EndGlobalSection
	GlobalSection(SolutionProperties) = preSolution
		HideSolutionNode = FALSE
	EndGlobalSection
	GlobalSection(ExtensibilityGlobals) = postSolution
		SolutionGuid = {F5DCA0C9-3BE6-43B9-BEB7-681DEC40A466}
	EndGlobalSection
EndGlobal
